
Microsoft Visual Studio Solution File, Format Version 12.00
# Visual Studio 15
VisualStudioVersion = 15.0.27004.2009
MinimumVisualStudioVersion = 10.0.40219.1
Project("{888888A0-9F3D-457C-B088-3A5042F75D52}") = "DAQ_Scan", "DAQ_Scan.pyproj", "{48DCA248-CECB-4241-92EC-FF08D260CB4D}"
EndProject
Global
	GlobalSection(SolutionConfigurationPlatforms) = preSolution
		Debug|Any CPU = Debug|Any CPU
		Release|Any CPU = Release|Any CPU
	EndGlobalSection
	GlobalSection(ProjectConfigurationPlatforms) = postSolution
		{48DCA248-CECB-4241-92EC-FF08D260CB4D}.Debug|Any CPU.ActiveCfg = Debug|Any CPU
		{48DCA248-CECB-4241-92EC-FF08D260CB4D}.Release|Any CPU.ActiveCfg = Release|Any CPU
	EndGlobalSection
	GlobalSection(SolutionProperties) = preSolution
		HideSolutionNode = FALSE
	EndGlobalSection
	GlobalSection(ExtensibilityGlobals) = postSolution
		SolutionGuid = {640A2FD5-01A7-48C7-88C6-AED07609885D}
	EndGlobalSection
EndGlobal
